
Microsoft Visual Studio Solution File, Format Version 12.00
# Visual Studio Version 16
VisualStudioVersion = 16.0.30114.105
MinimumVisualStudioVersion = 10.0.40219.1
Project("{9A19103F-16F7-4668-BE54-9A1E7A4F7556}") = "R5T.X0012", "R5T.X0012\R5T.X0012.csproj", "{BB399041-923E-4E5F-90DA-4038F2444439}"
EndProject
Project("{2150E333-8FDC-42A3-9474-1A3956D46DE8}") = "_Dependencies", "_Dependencies", "{246CA95C-C00B-4013-8757-6B9D6A630721}"
EndProject
Project("{9A19103F-16F7-4668-BE54-9A1E7A4F7556}") = "R5T.F0013", "..\..\R5T.F0013\source\R5T.F0013\R5T.F0013.csproj", "{EC67C407-65B0-4945-AE1C-4BF781DE4052}"
EndProject
Project("{9A19103F-16F7-4668-BE54-9A1E7A4F7556}") = "R5T.T0134", "..\..\R5T.T0134\source\R5T.T0134\R5T.T0134.csproj", "{DFF2806E-FE33-453B-8224-D2F766CF9F9E}"
EndProject
Project("{9A19103F-16F7-4668-BE54-9A1E7A4F7556}") = "R5T.L0011", "..\..\R5T.L0011\source\R5T.L0011\R5T.L0011.csproj", "{C32182BB-C8E4-486F-832D-585905AEF2EF}"
EndProject
Project("{9A19103F-16F7-4668-BE54-9A1E7A4F7556}") = "R5T.T0135", "..\..\R5T.T0135\source\R5T.T0135\R5T.T0135.csproj", "{6C24F579-B5D6-4BB6-A0DF-748A04D0C53D}"
EndProject
Project("{9A19103F-16F7-4668-BE54-9A1E7A4F7556}") = "R5T.X0005", "..\..\R5T.X0005\source\R5T.X0005\R5T.X0005.csproj", "{073D7C47-0356-4C4C-874E-3D4A42425A8F}"
EndProject
Project("{9A19103F-16F7-4668-BE54-9A1E7A4F7556}") = "R5T.F0003", "..\..\R5T.F0003\source\R5T.F0003\R5T.F0003.csproj", "{21CBB5BD-9EC5-4568-9812-06E9D612DF73}"
EndProject
Project("{9A19103F-16F7-4668-BE54-9A1E7A4F7556}") = "R5T.T0132", "..\..\R5T.T0132\source\R5T.T0132\R5T.T0132.csproj", "{A5F11AEA-6432-4918-99A8-E5511E5D78B6}"
EndProject
Project("{9A19103F-16F7-4668-BE54-9A1E7A4F7556}") = "R5T.Magyar", "..\..\R5T.Magyar\source\R5T.Magyar\R5T.Magyar.csproj", "{BC6FD51B-7495-428C-9725-0F5258A265DA}"
EndProject
Global
	GlobalSection(SolutionConfigurationPlatforms) = preSolution
		Debug|Any CPU = Debug|Any CPU
		Debug|x64 = Debug|x64
		Debug|x86 = Debug|x86
		Release|Any CPU = Release|Any CPU
		Release|x64 = Release|x64
		Release|x86 = Release|x86
	EndGlobalSection
	GlobalSection(ProjectConfigurationPlatforms) = postSolution
		{BB399041-923E-4E5F-90DA-4038F2444439}.Debug|Any CPU.ActiveCfg = Debug|Any CPU
		{BB399041-923E-4E5F-90DA-4038F2444439}.Debug|Any CPU.Build.0 = Debug|Any CPU
		{BB399041-923E-4E5F-90DA-4038F2444439}.Debug|x64.ActiveCfg = Debug|Any CPU
		{BB399041-923E-4E5F-90DA-4038F2444439}.Debug|x64.Build.0 = Debug|Any CPU
		{BB399041-923E-4E5F-90DA-4038F2444439}.Debug|x86.ActiveCfg = Debug|Any CPU
		{BB399041-923E-4E5F-90DA-4038F2444439}.Debug|x86.Build.0 = Debug|Any CPU
		{BB399041-923E-4E5F-90DA-4038F2444439}.Release|Any CPU.ActiveCfg = Release|Any CPU
		{BB399041-923E-4E5F-90DA-4038F2444439}.Release|Any CPU.Build.0 = Release|Any CPU
		{BB399041-923E-4E5F-90DA-4038F2444439}.Release|x64.ActiveCfg = Release|Any CPU
		{BB399041-923E-4E5F-90DA-4038F2444439}.Release|x64.Build.0 = Release|Any CPU
		{BB399041-923E-4E5F-90DA-4038F2444439}.Release|x86.ActiveCfg = Release|Any CPU
		{BB399041-923E-4E5F-90DA-4038F2444439}.Release|x86.Build.0 = Release|Any CPU
		{EC67C407-65B0-4945-AE1C-4BF781DE4052}.Debug|Any CPU.ActiveCfg = Debug|Any CPU
		{EC67C407-65B0-4945-AE1C-4BF781DE4052}.Debug|Any CPU.Build.0 = Debug|Any CPU
		{EC67C407-65B0-4945-AE1C-4BF781DE4052}.Debug|x64.ActiveCfg = Debug|Any CPU
		{EC67C407-65B0-4945-AE1C-4BF781DE4052}.Debug|x64.Build.0 = Debug|Any CPU
		{EC67C407-65B0-4945-AE1C-4BF781DE4052}.Debug|x86.ActiveCfg = Debug|Any CPU
		{EC67C407-65B0-4945-AE1C-4BF781DE4052}.Debug|x86.Build.0 = Debug|Any CPU
		{EC67C407-65B0-4945-AE1C-4BF781DE4052}.Release|Any CPU.ActiveCfg = Release|Any CPU
		{EC67C407-65B0-4945-AE1C-4BF781DE4052}.Release|Any CPU.Build.0 = Release|Any CPU
		{EC67C407-65B0-4945-AE1C-4BF781DE4052}.Release|x64.ActiveCfg = Release|Any CPU
		{EC67C407-65B0-4945-AE1C-4BF781DE4052}.Release|x64.Build.0 = Release|Any CPU
		{EC67C407-65B0-4945-AE1C-4BF781DE4052}.Release|x86.ActiveCfg = Release|Any CPU
		{EC67C407-65B0-4945-AE1C-4BF781DE4052}.Release|x86.Build.0 = Release|Any CPU
		{DFF2806E-FE33-453B-8224-D2F766CF9F9E}.Debug|Any CPU.ActiveCfg = Debug|Any CPU
		{DFF2806E-FE33-453B-8224-D2F766CF9F9E}.Debug|Any CPU.Build.0 = Debug|Any CPU
		{DFF2806E-FE33-453B-8224-D2F766CF9F9E}.Debug|x64.ActiveCfg = Debug|Any CPU
		{DFF2806E-FE33-453B-8224-D2F766CF9F9E}.Debug|x64.Build.0 = Debug|Any CPU
		{DFF2806E-FE33-453B-8224-D2F766CF9F9E}.Debug|x86.ActiveCfg = Debug|Any CPU
		{DFF2806E-FE33-453B-8224-D2F766CF9F9E}.Debug|x86.Build.0 = Debug|Any CPU
		{DFF2806E-FE33-453B-8224-D2F766CF9F9E}.Release|Any CPU.ActiveCfg = Release|Any CPU
		{DFF2806E-FE33-453B-8224-D2F766CF9F9E}.Release|Any CPU.Build.0 = Release|Any CPU
		{DFF2806E-FE33-453B-8224-D2F766CF9F9E}.Release|x64.ActiveCfg = Release|Any CPU
		{DFF2806E-FE33-453B-8224-D2F766CF9F9E}.Release|x64.Build.0 = Release|Any CPU
		{DFF2806E-FE33-453B-8224-D2F766CF9F9E}.Release|x86.ActiveCfg = Release|Any CPU
		{DFF2806E-FE33-453B-8224-D2F766CF9F9E}.Release|x86.Build.0 = Release|Any CPU
		{C32182BB-C8E4-486F-832D-585905AEF2EF}.Debug|Any CPU.ActiveCfg = Debug|Any CPU
		{C32182BB-C8E4-486F-832D-585905AEF2EF}.Debug|Any CPU.Build.0 = Debug|Any CPU
		{C32182BB-C8E4-486F-832D-585905AEF2EF}.Debug|x64.ActiveCfg = Debug|Any CPU
		{C32182BB-C8E4-486F-832D-585905AEF2EF}.Debug|x64.Build.0 = Debug|Any CPU
		{C32182BB-C8E4-486F-832D-585905AEF2EF}.Debug|x86.ActiveCfg = Debug|Any CPU
		{C32182BB-C8E4-486F-832D-585905AEF2EF}.Debug|x86.Build.0 = Debug|Any CPU
		{C32182BB-C8E4-486F-832D-585905AEF2EF}.Release|Any CPU.ActiveCfg = Release|Any CPU
		{C32182BB-C8E4-486F-832D-585905AEF2EF}.Release|Any CPU.Build.0 = Release|Any CPU
		{C32182BB-C8E4-486F-832D-585905AEF2EF}.Release|x64.ActiveCfg = Release|Any CPU
		{C32182BB-C8E4-486F-832D-585905AEF2EF}.Release|x64.Build.0 = Release|Any CPU
		{C32182BB-C8E4-486F-832D-585905AEF2EF}.Release|x86.ActiveCfg = Release|Any CPU
		{C32182BB-C8E4-486F-832D-585905AEF2EF}.Release|x86.Build.0 = Release|Any CPU
		{6C24F579-B5D6-4BB6-A0DF-748A04D0C53D}.Debug|Any CPU.ActiveCfg = Debug|Any CPU
		{6C24F579-B5D6-4BB6-A0DF-748A04D0C53D}.Debug|Any CPU.Build.0 = Debug|Any CPU
		{6C24F579-B5D6-4BB6-A0DF-748A04D0C53D}.Debug|x64.ActiveCfg = Debug|Any CPU
		{6C24F579-B5D6-4BB6-A0DF-748A04D0C53D}.Debug|x64.Build.0 = Debug|Any CPU
		{6C24F579-B5D6-4BB6-A0DF-748A04D0C53D}.Debug|x86.ActiveCfg = Debug|Any CPU
		{6C24F579-B5D6-4BB6-A0DF-748A04D0C53D}.Debug|x86.Build.0 = Debug|Any CPU
		{6C24F579-B5D6-4BB6-A0DF-748A04D0C53D}.Release|Any CPU.ActiveCfg = Release|Any CPU
		{6C24F579-B5D6-4BB6-A0DF-748A04D0C53D}.Release|Any CPU.Build.0 = Release|Any CPU
		{6C24F579-B5D6-4BB6-A0DF-748A04D0C53D}.Release|x64.ActiveCfg = Release|Any CPU
		{6C24F579-B5D6-4BB6-A0DF-748A04D0C53D}.Release|x64.Build.0 = Release|Any CPU
		{6C24F579-B5D6-4BB6-A0DF-748A04D0C53D}.Release|x86.ActiveCfg = Release|Any CPU
		{6C24F579-B5D6-4BB6-A0DF-748A04D0C53D}.Release|x86.Build.0 = Release|Any CPU
		{073D7C47-0356-4C4C-874E-3D4A42425A8F}.Debug|Any CPU.ActiveCfg = Debug|Any CPU
		{073D7C47-0356-4C4C-874E-3D4A42425A8F}.Debug|Any CPU.Build.0 = Debug|Any CPU
		{073D7C47-0356-4C4C-874E-3D4A42425A8F}.Debug|x64.ActiveCfg = Debug|Any CPU
		{073D7C47-0356-4C4C-874E-3D4A42425A8F}.Debug|x64.Build.0 = Debug|Any CPU
		{073D7C47-0356-4C4C-874E-3D4A42425A8F}.Debug|x86.ActiveCfg = Debug|Any CPU
		{073D7C47-0356-4C4C-874E-3D4A42425A8F}.Debug|x86.Build.0 = Debug|Any CPU
		{073D7C47-0356-4C4C-874E-3D4A42425A8F}.Release|Any CPU.ActiveCfg = Release|Any CPU
		{073D7C47-0356-4C4C-874E-3D4A42425A8F}.Release|Any CPU.Build.0 = Release|Any CPU
		{073D7C47-0356-4C4C-874E-3D4A42425A8F}.Release|x64.ActiveCfg = Release|Any CPU
		{073D7C47-0356-4C4C-874E-3D4A42425A8F}.Release|x64.Build.0 = Release|Any CPU
		{073D7C47-0356-4C4C-874E-3D4A42425A8F}.Release|x86.ActiveCfg = Release|Any CPU
		{073D7C47-0356-4C4C-874E-3D4A42425A8F}.Release|x86.Build.0 = Release|Any CPU
		{21CBB5BD-9EC5-4568-9812-06E9D612DF73}.Debug|Any CPU.ActiveCfg = Debug|Any CPU
		{21CBB5BD-9EC5-4568-9812-06E9D612DF73}.Debug|Any CPU.Build.0 = Debug|Any CPU
		{21CBB5BD-9EC5-4568-9812-06E9D612DF73}.Debug|x64.ActiveCfg = Debug|Any CPU
		{21CBB5BD-9EC5-4568-9812-06E9D612DF73}.Debug|x64.Build.0 = Debug|Any CPU
		{21CBB5BD-9EC5-4568-9812-06E9D612DF73}.Debug|x86.ActiveCfg = Debug|Any CPU
		{21CBB5BD-9EC5-4568-9812-06E9D612DF73}.Debug|x86.Build.0 = Debug|Any CPU
		{21CBB5BD-9EC5-4568-9812-06E9D612DF73}.Release|Any CPU.ActiveCfg = Release|Any CPU
		{21CBB5BD-9EC5-4568-9812-06E9D612DF73}.Release|Any CPU.Build.0 = Release|Any CPU
		{21CBB5BD-9EC5-4568-9812-06E9D612DF73}.Release|x64.ActiveCfg = Release|Any CPU
		{21CBB5BD-9EC5-4568-9812-06E9D612DF73}.Release|x64.Build.0 = Release|Any CPU
		{21CBB5BD-9EC5-4568-9812-06E9D612DF73}.Release|x86.ActiveCfg = Release|Any CPU
		{21CBB5BD-9EC5-4568-9812-06E9D612DF73}.Release|x86.Build.0 = Release|Any CPU
		{A5F11AEA-6432-4918-99A8-E5511E5D78B6}.Debug|Any CPU.ActiveCfg = Debug|Any CPU
		{A5F11AEA-6432-4918-99A8-E5511E5D78B6}.Debug|Any CPU.Build.0 = Debug|Any CPU
		{A5F11AEA-6432-4918-99A8-E5511E5D78B6}.Debug|x64.ActiveCfg = Debug|Any CPU
		{A5F11AEA-6432-4918-99A8-E5511E5D78B6}.Debug|x64.Build.0 = Debug|Any CPU
		{A5F11AEA-6432-4918-99A8-E5511E5D78B6}.Debug|x86.ActiveCfg = Debug|Any CPU
		{A5F11AEA-6432-4918-99A8-E5511E5D78B6}.Debug|x86.Build.0 = Debug|Any CPU
		{A5F11AEA-6432-4918-99A8-E5511E5D78B6}.Release|Any CPU.ActiveCfg = Release|Any CPU
		{A5F11AEA-6432-4918-99A8-E5511E5D78B6}.Release|Any CPU.Build.0 = Release|Any CPU
		{A5F11AEA-6432-4918-99A8-E5511E5D78B6}.Release|x64.ActiveCfg = Release|Any CPU
		{A5F11AEA-6432-4918-99A8-E5511E5D78B6}.Release|x64.Build.0 = Release|Any CPU
		{A5F11AEA-6432-4918-99A8-E5511E5D78B6}.Release|x86.ActiveCfg = Release|Any CPU
		{A5F11AEA-6432-4918-99A8-E5511E5D78B6}.Release|x86.Build.0 = Release|Any CPU
		{BC6FD51B-7495-428C-9725-0F5258A265DA}.Debug|Any CPU.ActiveCfg = Debug|Any CPU
		{BC6FD51B-7495-428C-9725-0F5258A265DA}.Debug|Any CPU.Build.0 = Debug|Any CPU
		{BC6FD51B-7495-428C-9725-0F5258A265DA}.Debug|x64.ActiveCfg = Debug|Any CPU
		{BC6FD51B-7495-428C-9725-0F5258A265DA}.Debug|x64.Build.0 = Debug|Any CPU
		{BC6FD51B-7495-428C-9725-0F5258A265DA}.Debug|x86.ActiveCfg = Debug|Any CPU
		{BC6FD51B-7495-428C-9725-0F5258A265DA}.Debug|x86.Build.0 = Debug|Any CPU
		{BC6FD51B-7495-428C-9725-0F5258A265DA}.Release|Any CPU.ActiveCfg = Release|Any CPU
		{BC6FD51B-7495-428C-9725-0F5258A265DA}.Release|Any CPU.Build.0 = Release|Any CPU
		{BC6FD51B-7495-428C-9725-0F5258A265DA}.Release|x64.ActiveCfg = Release|Any CPU
		{BC6FD51B-7495-428C-9725-0F5258A265DA}.Release|x64.Build.0 = Release|Any CPU
		{BC6FD51B-7495-428C-9725-0F5258A265DA}.Release|x86.ActiveCfg = Release|Any CPU
		{BC6FD51B-7495-428C-9725-0F5258A265DA}.Release|x86.Build.0 = Release|Any CPU
	EndGlobalSection
	GlobalSection(SolutionProperties) = preSolution
		HideSolutionNode = FALSE
	EndGlobalSection
	GlobalSection(NestedProjects) = preSolution
		{EC67C407-65B0-4945-AE1C-4BF781DE4052} = {246CA95C-C00B-4013-8757-6B9D6A630721}
		{DFF2806E-FE33-453B-8224-D2F766CF9F9E} = {246CA95C-C00B-4013-8757-6B9D6A630721}
		{C32182BB-C8E4-486F-832D-585905AEF2EF} = {246CA95C-C00B-4013-8757-6B9D6A630721}
		{6C24F579-B5D6-4BB6-A0DF-748A04D0C53D} = {246CA95C-C00B-4013-8757-6B9D6A630721}
		{073D7C47-0356-4C4C-874E-3D4A42425A8F} = {246CA95C-C00B-4013-8757-6B9D6A630721}
		{21CBB5BD-9EC5-4568-9812-06E9D612DF73} = {246CA95C-C00B-4013-8757-6B9D6A630721}
		{A5F11AEA-6432-4918-99A8-E5511E5D78B6} = {246CA95C-C00B-4013-8757-6B9D6A630721}
		{BC6FD51B-7495-428C-9725-0F5258A265DA} = {246CA95C-C00B-4013-8757-6B9D6A630721}
	EndGlobalSection
	GlobalSection(ExtensibilityGlobals) = postSolution
		SolutionGuid = {BA269DD7-2E1F-4CC5-BB67-18370A4B07B2}
	EndGlobalSection
EndGlobal
